# THIS IS AN AUTOGENERATED FILE. DO NOT EDIT THIS FILE DIRECTLY.
# yarn lockfile v1


"@nathanvda/cocoon@^1.2.14":
  "integrity" "sha512-WcEt2vVp50de2i7rkD4O+96O1iMtMIcTBNGPocrHfcmHDujKOngoLHFF8Ektgoh8PjwFAJMxx8WyGv0BtKTjxQ=="
  "resolved" "https://registry.npmjs.org/@nathanvda/cocoon/-/cocoon-1.2.14.tgz"
  "version" "1.2.14"
  dependencies:
    "jquery" "^3.3.1"

"jquery@^3.3.1":
  "integrity" "sha512-JVzAR/AjBvVt2BmYhxRCSYysDsPcssdmTFnzyLEts9qNwmjmu4JTAMYubEfwVOSwpQ1I1sKKFcxhZCI2buerfw=="
  "resolved" "https://registry.npmjs.org/jquery/-/jquery-3.6.0.tgz"
  "version" "3.6.0"

"moment@^2.29.4":
  "integrity" "sha512-5LC9SOxjSc2HF6vO2CyuTDNivEdoz2IvyJJGj6X8DJ0eFyfszE0QiEd+iXmBvUP3WHxSjFH/vIsA0EN00cgr8w=="
  "resolved" "https://registry.npmjs.org/moment/-/moment-2.29.4.tgz"
  "version" "2.29.4"
